
Microsoft Visual Studio Solution File, Format Version 12.00
# Visual Studio 15
VisualStudioVersion = 15.0.28307.271
MinimumVisualStudioVersion = 10.0.40219.1
Project("{9A19103F-16F7-4668-BE54-9A1E7A4F7556}") = "Lib4ProjRef", "Lib4ProjRef.csproj", "{F5C5E848-F6A2-4763-8B6D-6F99EA74315C}"
EndProject
Global
	GlobalSection(SolutionConfigurationPlatforms) = preSolution
		Debug|Any CPU = Debug|Any CPU
		Release|Any CPU = Release|Any CPU
	EndGlobalSection
	GlobalSection(ProjectConfigurationPlatforms) = postSolution
		{F5C5E848-F6A2-4763-8B6D-6F99EA74315C}.Debug|Any CPU.ActiveCfg = Debug|Any CPU
		{F5C5E848-F6A2-4763-8B6D-6F99EA74315C}.Debug|Any CPU.Build.0 = Debug|Any CPU
		{F5C5E848-F6A2-4763-8B6D-6F99EA74315C}.Release|Any CPU.ActiveCfg = Release|Any CPU
		{F5C5E848-F6A2-4763-8B6D-6F99EA74315C}.Release|Any CPU.Build.0 = Release|Any CPU
	EndGlobalSection
	GlobalSection(SolutionProperties) = preSolution
		HideSolutionNode = FALSE
	EndGlobalSection
	GlobalSection(ExtensibilityGlobals) = postSolution
		SolutionGuid = {85ACA176-416A-4DD7-B8FA-6AE29C09434E}
	EndGlobalSection
EndGlobal
