
Microsoft Visual Studio Solution File, Format Version 12.00
# Visual Studio Version 16
VisualStudioVersion = 16.0.30128.36
MinimumVisualStudioVersion = 10.0.40219.1
Project("{9A19103F-16F7-4668-BE54-9A1E7A4F7556}") = "SampleSite.Server", "Server\SampleSite.Server.csproj", "{2ABDA7D4-3895-4F64-BEF1-C377D609750F}"
EndProject
Project("{9A19103F-16F7-4668-BE54-9A1E7A4F7556}") = "SampleSite.Client", "Client\SampleSite.Client.csproj", "{09830167-6C66-4282-B3FB-12EF50C1C5FC}"
EndProject
Project("{9A19103F-16F7-4668-BE54-9A1E7A4F7556}") = "SampleSite.Shared", "Shared\SampleSite.Shared.csproj", "{0C90A746-6DE0-48FB-A607-F2D07A805F60}"
EndProject
Global
	GlobalSection(SolutionConfigurationPlatforms) = preSolution
		Debug|Any CPU = Debug|Any CPU
		Release|Any CPU = Release|Any CPU
	EndGlobalSection
	GlobalSection(ProjectConfigurationPlatforms) = postSolution
		{2ABDA7D4-3895-4F64-BEF1-C377D609750F}.Debug|Any CPU.ActiveCfg = Debug|Any CPU
		{2ABDA7D4-3895-4F64-BEF1-C377D609750F}.Debug|Any CPU.Build.0 = Debug|Any CPU
		{2ABDA7D4-3895-4F64-BEF1-C377D609750F}.Release|Any CPU.ActiveCfg = Release|Any CPU
		{2ABDA7D4-3895-4F64-BEF1-C377D609750F}.Release|Any CPU.Build.0 = Release|Any CPU
		{09830167-6C66-4282-B3FB-12EF50C1C5FC}.Debug|Any CPU.ActiveCfg = Debug|Any CPU
		{09830167-6C66-4282-B3FB-12EF50C1C5FC}.Debug|Any CPU.Build.0 = Debug|Any CPU
		{09830167-6C66-4282-B3FB-12EF50C1C5FC}.Release|Any CPU.ActiveCfg = Release|Any CPU
		{09830167-6C66-4282-B3FB-12EF50C1C5FC}.Release|Any CPU.Build.0 = Release|Any CPU
		{0C90A746-6DE0-48FB-A607-F2D07A805F60}.Debug|Any CPU.ActiveCfg = Debug|Any CPU
		{0C90A746-6DE0-48FB-A607-F2D07A805F60}.Debug|Any CPU.Build.0 = Debug|Any CPU
		{0C90A746-6DE0-48FB-A607-F2D07A805F60}.Release|Any CPU.ActiveCfg = Release|Any CPU
		{0C90A746-6DE0-48FB-A607-F2D07A805F60}.Release|Any CPU.Build.0 = Release|Any CPU
	EndGlobalSection
	GlobalSection(SolutionProperties) = preSolution
		HideSolutionNode = FALSE
	EndGlobalSection
	GlobalSection(ExtensibilityGlobals) = postSolution
		SolutionGuid = {A4972155-BEAB-401D-8171-59F4A2E6EB4A}
	EndGlobalSection
EndGlobal
