
Microsoft Visual Studio Solution File, Format Version 12.00
# Visual Studio Version 16
VisualStudioVersion = 16.0.28809.33
MinimumVisualStudioVersion = 10.0.40219.1
Project("{9A19103F-16F7-4668-BE54-9A1E7A4F7556}") = "Lib4ProjRef", "Lib4ProjRef\Lib4ProjRef.csproj", "{9E4AF6EF-9AFE-4B41-B4B4-C58D9FEBF0FD}"
EndProject
Global
	GlobalSection(SolutionConfigurationPlatforms) = preSolution
		Debug|Any CPU = Debug|Any CPU
		Release|Any CPU = Release|Any CPU
	EndGlobalSection
	GlobalSection(ProjectConfigurationPlatforms) = postSolution
		{9E4AF6EF-9AFE-4B41-B4B4-C58D9FEBF0FD}.Debug|Any CPU.ActiveCfg = Debug|Any CPU
		{9E4AF6EF-9AFE-4B41-B4B4-C58D9FEBF0FD}.Debug|Any CPU.Build.0 = Debug|Any CPU
		{9E4AF6EF-9AFE-4B41-B4B4-C58D9FEBF0FD}.Release|Any CPU.ActiveCfg = Release|Any CPU
		{9E4AF6EF-9AFE-4B41-B4B4-C58D9FEBF0FD}.Release|Any CPU.Build.0 = Release|Any CPU
	EndGlobalSection
	GlobalSection(SolutionProperties) = preSolution
		HideSolutionNode = FALSE
	EndGlobalSection
	GlobalSection(ExtensibilityGlobals) = postSolution
		SolutionGuid = {932E8AB2-8E91-4E59-BCA7-3936FCEEB05D}
	EndGlobalSection
EndGlobal
