
Microsoft Visual Studio Solution File, Format Version 12.00
# Visual Studio Version 17
VisualStudioVersion = 17.0.31612.314
MinimumVisualStudioVersion = 10.0.40219.1
Project("{9A19103F-16F7-4668-BE54-9A1E7A4F7556}") = "SampleSite.Client", "Client\SampleSite.Client.csproj", "{BA8B1591-7652-4E4B-AE7F-54FAEF5AAC0D}"
EndProject
Project("{9A19103F-16F7-4668-BE54-9A1E7A4F7556}") = "Lib4ProjRef", "Lib4ProjRef\Lib4ProjRef.csproj", "{ECD8EAE3-C331-4E2E-8DA5-4F0782C56932}"
EndProject
Project("{9A19103F-16F7-4668-BE54-9A1E7A4F7556}") = "SampleSite.Components", "Components\SampleSite.Components.csproj", "{382B04C8-9B59-4111-969A-93CB929F28C4}"
EndProject
Project("{9A19103F-16F7-4668-BE54-9A1E7A4F7556}") = "SampleSite.Host", "Host\SampleSite.Host.csproj", "{7356AB73-E75B-44DA-B6C1-733F6755E700}"
EndProject
Project("{9A19103F-16F7-4668-BE54-9A1E7A4F7556}") = "SampleSite.Server", "Server\SampleSite.Server.csproj", "{0AC266E1-0391-4638-89FF-92847339175D}"
EndProject
Project("{9A19103F-16F7-4668-BE54-9A1E7A4F7556}") = "Lib4PackRef6", "Lib4PackRef6\Lib4PackRef6.csproj", "{D94EC566-BD14-4D1C-8927-17ABBBDB9609}"
EndProject
Global
	GlobalSection(SolutionConfigurationPlatforms) = preSolution
		Debug|Any CPU = Debug|Any CPU
		Release|Any CPU = Release|Any CPU
	EndGlobalSection
	GlobalSection(ProjectConfigurationPlatforms) = postSolution
		{BA8B1591-7652-4E4B-AE7F-54FAEF5AAC0D}.Debug|Any CPU.ActiveCfg = Debug|Any CPU
		{BA8B1591-7652-4E4B-AE7F-54FAEF5AAC0D}.Debug|Any CPU.Build.0 = Debug|Any CPU
		{BA8B1591-7652-4E4B-AE7F-54FAEF5AAC0D}.Release|Any CPU.ActiveCfg = Release|Any CPU
		{BA8B1591-7652-4E4B-AE7F-54FAEF5AAC0D}.Release|Any CPU.Build.0 = Release|Any CPU
		{ECD8EAE3-C331-4E2E-8DA5-4F0782C56932}.Debug|Any CPU.ActiveCfg = Debug|Any CPU
		{ECD8EAE3-C331-4E2E-8DA5-4F0782C56932}.Debug|Any CPU.Build.0 = Debug|Any CPU
		{ECD8EAE3-C331-4E2E-8DA5-4F0782C56932}.Release|Any CPU.ActiveCfg = Release|Any CPU
		{ECD8EAE3-C331-4E2E-8DA5-4F0782C56932}.Release|Any CPU.Build.0 = Release|Any CPU
		{382B04C8-9B59-4111-969A-93CB929F28C4}.Debug|Any CPU.ActiveCfg = Debug|Any CPU
		{382B04C8-9B59-4111-969A-93CB929F28C4}.Debug|Any CPU.Build.0 = Debug|Any CPU
		{382B04C8-9B59-4111-969A-93CB929F28C4}.Release|Any CPU.ActiveCfg = Release|Any CPU
		{382B04C8-9B59-4111-969A-93CB929F28C4}.Release|Any CPU.Build.0 = Release|Any CPU
		{7356AB73-E75B-44DA-B6C1-733F6755E700}.Debug|Any CPU.ActiveCfg = Debug|Any CPU
		{7356AB73-E75B-44DA-B6C1-733F6755E700}.Debug|Any CPU.Build.0 = Debug|Any CPU
		{7356AB73-E75B-44DA-B6C1-733F6755E700}.Release|Any CPU.ActiveCfg = Release|Any CPU
		{7356AB73-E75B-44DA-B6C1-733F6755E700}.Release|Any CPU.Build.0 = Release|Any CPU
		{0AC266E1-0391-4638-89FF-92847339175D}.Debug|Any CPU.ActiveCfg = Debug|Any CPU
		{0AC266E1-0391-4638-89FF-92847339175D}.Debug|Any CPU.Build.0 = Debug|Any CPU
		{0AC266E1-0391-4638-89FF-92847339175D}.Release|Any CPU.ActiveCfg = Release|Any CPU
		{0AC266E1-0391-4638-89FF-92847339175D}.Release|Any CPU.Build.0 = Release|Any CPU
		{D94EC566-BD14-4D1C-8927-17ABBBDB9609}.Debug|Any CPU.ActiveCfg = Debug|Any CPU
		{D94EC566-BD14-4D1C-8927-17ABBBDB9609}.Debug|Any CPU.Build.0 = Debug|Any CPU
		{D94EC566-BD14-4D1C-8927-17ABBBDB9609}.Release|Any CPU.ActiveCfg = Release|Any CPU
		{D94EC566-BD14-4D1C-8927-17ABBBDB9609}.Release|Any CPU.Build.0 = Release|Any CPU
	EndGlobalSection
	GlobalSection(SolutionProperties) = preSolution
		HideSolutionNode = FALSE
	EndGlobalSection
	GlobalSection(ExtensibilityGlobals) = postSolution
		SolutionGuid = {2EB070ED-4390-4900-B241-2C110BD43D30}
	EndGlobalSection
EndGlobal
