
Microsoft Visual Studio Solution File, Format Version 12.00
# Visual Studio 15
VisualStudioVersion = 15.0.28307.271
MinimumVisualStudioVersion = 10.0.40219.1
Project("{9A19103F-16F7-4668-BE54-9A1E7A4F7556}") = "Lib4PackRef", "Lib4PackRef.csproj", "{566074EC-41BF-42AE-83F3-8669866B08D9}"
EndProject
Global
	GlobalSection(SolutionConfigurationPlatforms) = preSolution
		Debug|Any CPU = Debug|Any CPU
		Release|Any CPU = Release|Any CPU
	EndGlobalSection
	GlobalSection(ProjectConfigurationPlatforms) = postSolution
		{566074EC-41BF-42AE-83F3-8669866B08D9}.Debug|Any CPU.ActiveCfg = Debug|Any CPU
		{566074EC-41BF-42AE-83F3-8669866B08D9}.Debug|Any CPU.Build.0 = Debug|Any CPU
		{566074EC-41BF-42AE-83F3-8669866B08D9}.Release|Any CPU.ActiveCfg = Release|Any CPU
		{566074EC-41BF-42AE-83F3-8669866B08D9}.Release|Any CPU.Build.0 = Release|Any CPU
	EndGlobalSection
	GlobalSection(SolutionProperties) = preSolution
		HideSolutionNode = FALSE
	EndGlobalSection
	GlobalSection(ExtensibilityGlobals) = postSolution
		SolutionGuid = {84C5390F-B790-417A-B182-A03AD4AF2929}
	EndGlobalSection
EndGlobal
